
Microsoft Visual Studio Solution File, Format Version 12.00
# Visual Studio Version 17
VisualStudioVersion = 17.14.36212.18 d17.14
MinimumVisualStudioVersion = 10.0.40219.1
Project("{54A90642-561A-4BB1-A94E-469ADEE60C69}") = "pruebajanus.client", "pruebajanus.client\pruebajanus.client.esproj", "{449F8AAB-3231-D8E3-C37F-7E8CF142A51C}"
EndProject
Project("{FAE04EC0-301F-11D3-BF4B-00C04F79EFBC}") = "PruebaJanus.Server", "PruebaJanus.Server\PruebaJanus.Server.csproj", "{B68336C7-0434-4D8A-A3D0-3EB1A9CEB96A}"
EndProject
Global
	GlobalSection(SolutionConfigurationPlatforms) = preSolution
		Debug|Any CPU = Debug|Any CPU
		Release|Any CPU = Release|Any CPU
	EndGlobalSection
	GlobalSection(ProjectConfigurationPlatforms) = postSolution
		{449F8AAB-3231-D8E3-C37F-7E8CF142A51C}.Debug|Any CPU.ActiveCfg = Debug|Any CPU
		{449F8AAB-3231-D8E3-C37F-7E8CF142A51C}.Debug|Any CPU.Build.0 = Debug|Any CPU
		{449F8AAB-3231-D8E3-C37F-7E8CF142A51C}.Debug|Any CPU.Deploy.0 = Debug|Any CPU
		{449F8AAB-3231-D8E3-C37F-7E8CF142A51C}.Release|Any CPU.ActiveCfg = Release|Any CPU
		{449F8AAB-3231-D8E3-C37F-7E8CF142A51C}.Release|Any CPU.Build.0 = Release|Any CPU
		{449F8AAB-3231-D8E3-C37F-7E8CF142A51C}.Release|Any CPU.Deploy.0 = Release|Any CPU
		{B68336C7-0434-4D8A-A3D0-3EB1A9CEB96A}.Debug|Any CPU.ActiveCfg = Debug|Any CPU
		{B68336C7-0434-4D8A-A3D0-3EB1A9CEB96A}.Debug|Any CPU.Build.0 = Debug|Any CPU
		{B68336C7-0434-4D8A-A3D0-3EB1A9CEB96A}.Release|Any CPU.ActiveCfg = Release|Any CPU
		{B68336C7-0434-4D8A-A3D0-3EB1A9CEB96A}.Release|Any CPU.Build.0 = Release|Any CPU
	EndGlobalSection
	GlobalSection(SolutionProperties) = preSolution
		HideSolutionNode = FALSE
	EndGlobalSection
	GlobalSection(ExtensibilityGlobals) = postSolution
		SolutionGuid = {39BF5E9F-18E9-404E-B636-2F1F7016F0E6}
	EndGlobalSection
EndGlobal
